
Microsoft Visual Studio Solution File, Format Version 12.00
# Visual Studio 15
VisualStudioVersion = 15.0.28307.438
MinimumVisualStudioVersion = 10.0.40219.1
Project("{FAE04EC0-301F-11D3-BF4B-00C04F79EFBC}") = "RiverGame", "RiverGame\RiverGame.csproj", "{A6587C83-348E-4F06-A774-C68722E20D29}"
EndProject
Global
	GlobalSection(SolutionConfigurationPlatforms) = preSolution
		Debug|Any CPU = Debug|Any CPU
		Release|Any CPU = Release|Any CPU
	EndGlobalSection
	GlobalSection(ProjectConfigurationPlatforms) = postSolution
		{A6587C83-348E-4F06-A774-C68722E20D29}.Debug|Any CPU.ActiveCfg = Debug|Any CPU
		{A6587C83-348E-4F06-A774-C68722E20D29}.Debug|Any CPU.Build.0 = Debug|Any CPU
		{A6587C83-348E-4F06-A774-C68722E20D29}.Release|Any CPU.ActiveCfg = Release|Any CPU
		{A6587C83-348E-4F06-A774-C68722E20D29}.Release|Any CPU.Build.0 = Release|Any CPU
	EndGlobalSection
	GlobalSection(SolutionProperties) = preSolution
		HideSolutionNode = FALSE
	EndGlobalSection
	GlobalSection(ExtensibilityGlobals) = postSolution
		SolutionGuid = {841FC1EF-6751-4DBA-8C19-B4BCCF66B6D4}
	EndGlobalSection
EndGlobal
