
Microsoft Visual Studio Solution File, Format Version 12.00
# Visual Studio 15
VisualStudioVersion = 15.0.28307.438
MinimumVisualStudioVersion = 10.0.40219.1
Project("{FAE04EC0-301F-11D3-BF4B-00C04F79EFBC}") = "HW9", "HW9\HW9.csproj", "{5C0B5031-60E4-44F8-92CD-514536198C42}"
EndProject
Global
	GlobalSection(SolutionConfigurationPlatforms) = preSolution
		Debug|Any CPU = Debug|Any CPU
		Release|Any CPU = Release|Any CPU
	EndGlobalSection
	GlobalSection(ProjectConfigurationPlatforms) = postSolution
		{5C0B5031-60E4-44F8-92CD-514536198C42}.Debug|Any CPU.ActiveCfg = Debug|Any CPU
		{5C0B5031-60E4-44F8-92CD-514536198C42}.Debug|Any CPU.Build.0 = Debug|Any CPU
		{5C0B5031-60E4-44F8-92CD-514536198C42}.Release|Any CPU.ActiveCfg = Release|Any CPU
		{5C0B5031-60E4-44F8-92CD-514536198C42}.Release|Any CPU.Build.0 = Release|Any CPU
	EndGlobalSection
	GlobalSection(SolutionProperties) = preSolution
		HideSolutionNode = FALSE
	EndGlobalSection
	GlobalSection(ExtensibilityGlobals) = postSolution
		SolutionGuid = {7F401CCB-605C-451F-8457-4F43A5EB9CFD}
	EndGlobalSection
EndGlobal
